// !$*UTF8*$!
{
	archiveVersion = 1;
	classes = {
	};
	objectVersion = 50;
	objects = {

/* Begin PBXBuildFile section */
		DAF89644318BB3510742F1F9 /* Pods_FlexicuV2.framework in Frameworks */ = {isa = PBXBuildFile; fileRef = DE101CB6966326C4A871C31A /* Pods_FlexicuV2.framework */; };
		FD85313C219C63480060FB2A /* AppDelegate.swift in Sources */ = {isa = PBXBuildFile; fileRef = FD85313B219C63480060FB2A /* AppDelegate.swift */; };
		FD853143219C63480060FB2A /* Main.storyboard in Resources */ = {isa = PBXBuildFile; fileRef = FD853141219C63480060FB2A /* Main.storyboard */; };
		FD853145219C634B0060FB2A /* Assets.xcassets in Resources */ = {isa = PBXBuildFile; fileRef = FD853144219C634B0060FB2A /* Assets.xcassets */; };
		FD853148219C634B0060FB2A /* LaunchScreen.storyboard in Resources */ = {isa = PBXBuildFile; fileRef = FD853146219C634B0060FB2A /* LaunchScreen.storyboard */; };
		FD853150219C63C40060FB2A /* HovedMenu.swift in Sources */ = {isa = PBXBuildFile; fileRef = FD85314F219C63C40060FB2A /* HovedMenu.swift */; };
		FD853152219C676C0060FB2A /* Udlej.swift in Sources */ = {isa = PBXBuildFile; fileRef = FD853151219C676C0060FB2A /* Udlej.swift */; };
		FD853154219C6A460060FB2A /* Indbakke.swift in Sources */ = {isa = PBXBuildFile; fileRef = FD853153219C6A460060FB2A /* Indbakke.swift */; };
		FD853156219C6AC70060FB2A /* Lej.swift in Sources */ = {isa = PBXBuildFile; fileRef = FD853155219C6AC70060FB2A /* Lej.swift */; };
		FD853158219D5D160060FB2A /* Login.swift in Sources */ = {isa = PBXBuildFile; fileRef = FD853157219D5D160060FB2A /* Login.swift */; };
		FD85315A219D79660060FB2A /* UdlejedeMedarbejdereCollectionViewCell.swift in Sources */ = {isa = PBXBuildFile; fileRef = FD853159219D79660060FB2A /* UdlejedeMedarbejdereCollectionViewCell.swift */; };
		FDBE870821A304FF00C74D18 /* MineMedarbejdere.swift in Sources */ = {isa = PBXBuildFile; fileRef = FDBE870721A304FF00C74D18 /* MineMedarbejdere.swift */; };
		FDDEA572219DA6CD00AC4DFF /* LejetArbejdskraftCVCell.swift in Sources */ = {isa = PBXBuildFile; fileRef = FDDEA571219DA6CD00AC4DFF /* LejetArbejdskraftCVCell.swift */; };
		FDDEA574219DA91500AC4DFF /* AlleMedarbejdereCVCell.swift in Sources */ = {isa = PBXBuildFile; fileRef = FDDEA573219DA91500AC4DFF /* AlleMedarbejdereCVCell.swift */; };
		FDDEA576219EAF0A00AC4DFF /* Medarbejder.swift in Sources */ = {isa = PBXBuildFile; fileRef = FDDEA575219EAF0A00AC4DFF /* Medarbejder.swift */; };
		FDDEA579219EBB0000AC4DFF /* Loen.swift in Sources */ = {isa = PBXBuildFile; fileRef = FDDEA578219EBB0000AC4DFF /* Loen.swift */; };
		FDDEA57B219EBBA600AC4DFF /* Adresse.swift in Sources */ = {isa = PBXBuildFile; fileRef = FDDEA57A219EBBA600AC4DFF /* Adresse.swift */; };
/* End PBXBuildFile section */

/* Begin PBXFileReference section */
		15E48467A24668B377DB3B23 /* Pods-FlexicuV2.release.xcconfig */ = {isa = PBXFileReference; includeInIndex = 1; lastKnownFileType = text.xcconfig; name = "Pods-FlexicuV2.release.xcconfig"; path = "Pods/Target Support Files/Pods-FlexicuV2/Pods-FlexicuV2.release.xcconfig"; sourceTree = "<group>"; };
		B484C613D841E16E4814D8A6 /* Pods-FlexicuV2.debug.xcconfig */ = {isa = PBXFileReference; includeInIndex = 1; lastKnownFileType = text.xcconfig; name = "Pods-FlexicuV2.debug.xcconfig"; path = "Pods/Target Support Files/Pods-FlexicuV2/Pods-FlexicuV2.debug.xcconfig"; sourceTree = "<group>"; };
		DE101CB6966326C4A871C31A /* Pods_FlexicuV2.framework */ = {isa = PBXFileReference; explicitFileType = wrapper.framework; includeInIndex = 0; path = Pods_FlexicuV2.framework; sourceTree = BUILT_PRODUCTS_DIR; };
		FD853138219C63480060FB2A /* FlexicuV2.app */ = {isa = PBXFileReference; explicitFileType = wrapper.application; includeInIndex = 0; path = FlexicuV2.app; sourceTree = BUILT_PRODUCTS_DIR; };
		FD85313B219C63480060FB2A /* AppDelegate.swift */ = {isa = PBXFileReference; lastKnownFileType = sourcecode.swift; path = AppDelegate.swift; sourceTree = "<group>"; };
		FD853142219C63480060FB2A /* Base */ = {isa = PBXFileReference; lastKnownFileType = file.storyboard; name = Base; path = Base.lproj/Main.storyboard; sourceTree = "<group>"; };
		FD853144219C634B0060FB2A /* Assets.xcassets */ = {isa = PBXFileReference; lastKnownFileType = folder.assetcatalog; path = Assets.xcassets; sourceTree = "<group>"; };
		FD853147219C634B0060FB2A /* Base */ = {isa = PBXFileReference; lastKnownFileType = file.storyboard; name = Base; path = Base.lproj/LaunchScreen.storyboard; sourceTree = "<group>"; };
		FD853149219C634B0060FB2A /* Info.plist */ = {isa = PBXFileReference; lastKnownFileType = text.plist.xml; path = Info.plist; sourceTree = "<group>"; };
		FD85314F219C63C40060FB2A /* HovedMenu.swift */ = {isa = PBXFileReference; lastKnownFileType = sourcecode.swift; path = HovedMenu.swift; sourceTree = "<group>"; };
		FD853151219C676C0060FB2A /* Udlej.swift */ = {isa = PBXFileReference; lastKnownFileType = sourcecode.swift; path = Udlej.swift; sourceTree = "<group>"; };
		FD853153219C6A460060FB2A /* Indbakke.swift */ = {isa = PBXFileReference; lastKnownFileType = sourcecode.swift; path = Indbakke.swift; sourceTree = "<group>"; };
		FD853155219C6AC70060FB2A /* Lej.swift */ = {isa = PBXFileReference; lastKnownFileType = sourcecode.swift; path = Lej.swift; sourceTree = "<group>"; };
		FD853157219D5D160060FB2A /* Login.swift */ = {isa = PBXFileReference; lastKnownFileType = sourcecode.swift; path = Login.swift; sourceTree = "<group>"; };
		FD853159219D79660060FB2A /* UdlejedeMedarbejdereCollectionViewCell.swift */ = {isa = PBXFileReference; lastKnownFileType = sourcecode.swift; path = UdlejedeMedarbejdereCollectionViewCell.swift; sourceTree = "<group>"; };
		FDBE870721A304FF00C74D18 /* MineMedarbejdere.swift */ = {isa = PBXFileReference; lastKnownFileType = sourcecode.swift; path = MineMedarbejdere.swift; sourceTree = "<group>"; };
		FDDEA571219DA6CD00AC4DFF /* LejetArbejdskraftCVCell.swift */ = {isa = PBXFileReference; lastKnownFileType = sourcecode.swift; path = LejetArbejdskraftCVCell.swift; sourceTree = "<group>"; };
		FDDEA573219DA91500AC4DFF /* AlleMedarbejdereCVCell.swift */ = {isa = PBXFileReference; lastKnownFileType = sourcecode.swift; path = AlleMedarbejdereCVCell.swift; sourceTree = "<group>"; };
		FDDEA575219EAF0A00AC4DFF /* Medarbejder.swift */ = {isa = PBXFileReference; lastKnownFileType = sourcecode.swift; path = Medarbejder.swift; sourceTree = "<group>"; };
		FDDEA578219EBB0000AC4DFF /* Loen.swift */ = {isa = PBXFileReference; lastKnownFileType = sourcecode.swift; path = Loen.swift; sourceTree = "<group>"; };
		FDDEA57A219EBBA600AC4DFF /* Adresse.swift */ = {isa = PBXFileReference; lastKnownFileType = sourcecode.swift; path = Adresse.swift; sourceTree = "<group>"; };
/* End PBXFileReference section */

/* Begin PBXFrameworksBuildPhase section */
		FD853135219C63480060FB2A /* Frameworks */ = {
			isa = PBXFrameworksBuildPhase;
			buildActionMask = 2147483647;
			files = (
				DAF89644318BB3510742F1F9 /* Pods_FlexicuV2.framework in Frameworks */,
			);
			runOnlyForDeploymentPostprocessing = 0;
		};
/* End PBXFrameworksBuildPhase section */

/* Begin PBXGroup section */
		643D298C597DC56DFFA821CF /* Pods */ = {
			isa = PBXGroup;
			children = (
				B484C613D841E16E4814D8A6 /* Pods-FlexicuV2.debug.xcconfig */,
				15E48467A24668B377DB3B23 /* Pods-FlexicuV2.release.xcconfig */,
			);
			name = Pods;
			sourceTree = "<group>";
		};
		98F6B1BD39184FFD1E366132 /* Frameworks */ = {
			isa = PBXGroup;
			children = (
				DE101CB6966326C4A871C31A /* Pods_FlexicuV2.framework */,
			);
			name = Frameworks;
			sourceTree = "<group>";
		};
		FD85312F219C63480060FB2A = {
			isa = PBXGroup;
			children = (
				FD85313A219C63480060FB2A /* FlexicuV2 */,
				FD853139219C63480060FB2A /* Products */,
				643D298C597DC56DFFA821CF /* Pods */,
				98F6B1BD39184FFD1E366132 /* Frameworks */,
			);
			sourceTree = "<group>";
		};
		FD853139219C63480060FB2A /* Products */ = {
			isa = PBXGroup;
			children = (
				FD853138219C63480060FB2A /* FlexicuV2.app */,
			);
			name = Products;
			sourceTree = "<group>";
		};
		FD85313A219C63480060FB2A /* FlexicuV2 */ = {
			isa = PBXGroup;
			children = (
				FDBE870621A303FA00C74D18 /* Controllers */,
				FDBE870521A3038000C74D18 /* CollectionviewCeller */,
				FDDEA577219EB0C900AC4DFF /* Models */,
				FD853141219C63480060FB2A /* Main.storyboard */,
				FD853144219C634B0060FB2A /* Assets.xcassets */,
				FD853146219C634B0060FB2A /* LaunchScreen.storyboard */,
				FD853149219C634B0060FB2A /* Info.plist */,
			);
			path = FlexicuV2;
			sourceTree = "<group>";
		};
		FDBE870521A3038000C74D18 /* CollectionviewCeller */ = {
			isa = PBXGroup;
			children = (
				FDDEA571219DA6CD00AC4DFF /* LejetArbejdskraftCVCell.swift */,
				FDDEA573219DA91500AC4DFF /* AlleMedarbejdereCVCell.swift */,
				FD853159219D79660060FB2A /* UdlejedeMedarbejdereCollectionViewCell.swift */,
			);
			path = CollectionviewCeller;
			sourceTree = "<group>";
		};
		FDBE870621A303FA00C74D18 /* Controllers */ = {
			isa = PBXGroup;
			children = (
				FD853153219C6A460060FB2A /* Indbakke.swift */,
				FD85313B219C63480060FB2A /* AppDelegate.swift */,
				FD853151219C676C0060FB2A /* Udlej.swift */,
				FD853157219D5D160060FB2A /* Login.swift */,
				FD853155219C6AC70060FB2A /* Lej.swift */,
				FD85314F219C63C40060FB2A /* HovedMenu.swift */,
				FDBE870721A304FF00C74D18 /* MineMedarbejdere.swift */,
			);
			path = Controllers;
			sourceTree = "<group>";
		};
		FDDEA577219EB0C900AC4DFF /* Models */ = {
			isa = PBXGroup;
			children = (
				FDDEA575219EAF0A00AC4DFF /* Medarbejder.swift */,
				FDDEA578219EBB0000AC4DFF /* Loen.swift */,
				FDDEA57A219EBBA600AC4DFF /* Adresse.swift */,
			);
			path = Models;
			sourceTree = "<group>";
		};
/* End PBXGroup section */

/* Begin PBXNativeTarget section */
		FD853137219C63480060FB2A /* FlexicuV2 */ = {
			isa = PBXNativeTarget;
			buildConfigurationList = FD85314C219C634B0060FB2A /* Build configuration list for PBXNativeTarget "FlexicuV2" */;
			buildPhases = (
				BA339540250752F8E5173696 /* [CP] Check Pods Manifest.lock */,
				FD853134219C63480060FB2A /* Sources */,
				FD853135219C63480060FB2A /* Frameworks */,
				FD853136219C63480060FB2A /* Resources */,
			);
			buildRules = (
			);
			dependencies = (
			);
			name = FlexicuV2;
			productName = FlexicuV2;
			productReference = FD853138219C63480060FB2A /* FlexicuV2.app */;
			productType = "com.apple.product-type.application";
		};
/* End PBXNativeTarget section */

/* Begin PBXProject section */
		FD853130219C63480060FB2A /* Project object */ = {
			isa = PBXProject;
			attributes = {
				LastSwiftUpdateCheck = 0940;
				LastUpgradeCheck = 0940;
				ORGANIZATIONNAME = Student;
				TargetAttributes = {
					FD853137219C63480060FB2A = {
						CreatedOnToolsVersion = 9.4.1;
					};
				};
			};
			buildConfigurationList = FD853133219C63480060FB2A /* Build configuration list for PBXProject "FlexicuV2" */;
			compatibilityVersion = "Xcode 9.3";
			developmentRegion = en;
			hasScannedForEncodings = 0;
			knownRegions = (
				en,
				Base,
			);
			mainGroup = FD85312F219C63480060FB2A;
			productRefGroup = FD853139219C63480060FB2A /* Products */;
			projectDirPath = "";
			projectRoot = "";
			targets = (
				FD853137219C63480060FB2A /* FlexicuV2 */,
			);
		};
/* End PBXProject section */

/* Begin PBXResourcesBuildPhase section */
		FD853136219C63480060FB2A /* Resources */ = {
			isa = PBXResourcesBuildPhase;
			buildActionMask = 2147483647;
			files = (
				FD853148219C634B0060FB2A /* LaunchScreen.storyboard in Resources */,
				FD853145219C634B0060FB2A /* Assets.xcassets in Resources */,
				FD853143219C63480060FB2A /* Main.storyboard in Resources */,
			);
			runOnlyForDeploymentPostprocessing = 0;
		};
/* End PBXResourcesBuildPhase section */

/* Begin PBXShellScriptBuildPhase section */
		BA339540250752F8E5173696 /* [CP] Check Pods Manifest.lock */ = {
			isa = PBXShellScriptBuildPhase;
			buildActionMask = 2147483647;
			files = (
			);
			inputPaths = (
				"${PODS_PODFILE_DIR_PATH}/Podfile.lock",
				"${PODS_ROOT}/Manifest.lock",
			);
			name = "[CP] Check Pods Manifest.lock";
			outputPaths = (
				"$(DERIVED_FILE_DIR)/Pods-FlexicuV2-checkManifestLockResult.txt",
			);
			runOnlyForDeploymentPostprocessing = 0;
			shellPath = /bin/sh;
			shellScript = "diff \"${PODS_PODFILE_DIR_PATH}/Podfile.lock\" \"${PODS_ROOT}/Manifest.lock\" > /dev/null\nif [ $? != 0 ] ; then\n    # print error to STDERR\n    echo \"error: The sandbox is not in sync with the Podfile.lock. Run 'pod install' or update your CocoaPods installation.\" >&2\n    exit 1\nfi\n# This output is used by Xcode 'outputs' to avoid re-running this script phase.\necho \"SUCCESS\" > \"${SCRIPT_OUTPUT_FILE_0}\"\n";
			showEnvVarsInLog = 0;
		};
/* End PBXShellScriptBuildPhase section */

/* Begin PBXSourcesBuildPhase section */
		FD853134219C63480060FB2A /* Sources */ = {
			isa = PBXSourcesBuildPhase;
			buildActionMask = 2147483647;
			files = (
				FDDEA572219DA6CD00AC4DFF /* LejetArbejdskraftCVCell.swift in Sources */,
				FD853150219C63C40060FB2A /* HovedMenu.swift in Sources */,
				FD853152219C676C0060FB2A /* Udlej.swift in Sources */,
				FDDEA57B219EBBA600AC4DFF /* Adresse.swift in Sources */,
				FDDEA574219DA91500AC4DFF /* AlleMedarbejdereCVCell.swift in Sources */,
				FD853154219C6A460060FB2A /* Indbakke.swift in Sources */,
				FD853158219D5D160060FB2A /* Login.swift in Sources */,
				FDDEA579219EBB0000AC4DFF /* Loen.swift in Sources */,
				FD85315A219D79660060FB2A /* UdlejedeMedarbejdereCollectionViewCell.swift in Sources */,
				FDDEA576219EAF0A00AC4DFF /* Medarbejder.swift in Sources */,
				FD853156219C6AC70060FB2A /* Lej.swift in Sources */,
				FD85313C219C63480060FB2A /* AppDelegate.swift in Sources */,
				FDBE870821A304FF00C74D18 /* MineMedarbejdere.swift in Sources */,
			);
			runOnlyForDeploymentPostprocessing = 0;
		};
/* End PBXSourcesBuildPhase section */

/* Begin PBXVariantGroup section */
		FD853141219C63480060FB2A /* Main.storyboard */ = {
			isa = PBXVariantGroup;
			children = (
				FD853142219C63480060FB2A /* Base */,
			);
			name = Main.storyboard;
			sourceTree = "<group>";
		};
		FD853146219C634B0060FB2A /* LaunchScreen.storyboard */ = {
			isa = PBXVariantGroup;
			children = (
				FD853147219C634B0060FB2A /* Base */,
			);
			name = LaunchScreen.storyboard;
			sourceTree = "<group>";
		};
/* End PBXVariantGroup section */

/* Begin XCBuildConfiguration section */
		FD85314A219C634B0060FB2A /* Debug */ = {
			isa = XCBuildConfiguration;
			buildSettings = {
				ALWAYS_SEARCH_USER_PATHS = NO;
				CLANG_ANALYZER_NONNULL = YES;
				CLANG_ANALYZER_NUMBER_OBJECT_CONVERSION = YES_AGGRESSIVE;
				CLANG_CXX_LANGUAGE_STANDARD = "gnu++14";
				CLANG_CXX_LIBRARY = "libc++";
				CLANG_ENABLE_MODULES = YES;
				CLANG_ENABLE_OBJC_ARC = YES;
				CLANG_ENABLE_OBJC_WEAK = YES;
				CLANG_WARN_BLOCK_CAPTURE_AUTORELEASING = YES;
				CLANG_WARN_BOOL_CONVERSION = YES;
				CLANG_WARN_COMMA = YES;
				CLANG_WARN_CONSTANT_CONVERSION = YES;
				CLANG_WARN_DEPRECATED_OBJC_IMPLEMENTATIONS = YES;
				CLANG_WARN_DIRECT_OBJC_ISA_USAGE = YES_ERROR;
				CLANG_WARN_DOCUMENTATION_COMMENTS = YES;
				CLANG_WARN_EMPTY_BODY = YES;
				CLANG_WARN_ENUM_CONVERSION = YES;
				CLANG_WARN_INFINITE_RECURSION = YES;
				CLANG_WARN_INT_CONVERSION = YES;
				CLANG_WARN_NON_LITERAL_NULL_CONVERSION = YES;
				CLANG_WARN_OBJC_IMPLICIT_RETAIN_SELF = YES;
				CLANG_WARN_OBJC_LITERAL_CONVERSION = YES;
				CLANG_WARN_OBJC_ROOT_CLASS = YES_ERROR;
				CLANG_WARN_RANGE_LOOP_ANALYSIS = YES;
				CLANG_WARN_STRICT_PROTOTYPES = YES;
				CLANG_WARN_SUSPICIOUS_MOVE = YES;
				CLANG_WARN_UNGUARDED_AVAILABILITY = YES_AGGRESSIVE;
				CLANG_WARN_UNREACHABLE_CODE = YES;
				CLANG_WARN__DUPLICATE_METHOD_MATCH = YES;
				CODE_SIGN_IDENTITY = "iPhone Developer";
				COPY_PHASE_STRIP = NO;
				DEBUG_INFORMATION_FORMAT = dwarf;
				ENABLE_STRICT_OBJC_MSGSEND = YES;
				ENABLE_TESTABILITY = YES;
				GCC_C_LANGUAGE_STANDARD = gnu11;
				GCC_DYNAMIC_NO_PIC = NO;
				GCC_NO_COMMON_BLOCKS = YES;
				GCC_OPTIMIZATION_LEVEL = 0;
				GCC_PREPROCESSOR_DEFINITIONS = (
					"DEBUG=1",
					"$(inherited)",
				);
				GCC_WARN_64_TO_32_BIT_CONVERSION = YES;
				GCC_WARN_ABOUT_RETURN_TYPE = YES_ERROR;
				GCC_WARN_UNDECLARED_SELECTOR = YES;
				GCC_WARN_UNINITIALIZED_AUTOS = YES_AGGRESSIVE;
				GCC_WARN_UNUSED_FUNCTION = YES;
				GCC_WARN_UNUSED_VARIABLE = YES;
				IPHONEOS_DEPLOYMENT_TARGET = 11.4;
				MTL_ENABLE_DEBUG_INFO = YES;
				ONLY_ACTIVE_ARCH = YES;
				SDKROOT = iphoneos;
				SWIFT_ACTIVE_COMPILATION_CONDITIONS = DEBUG;
				SWIFT_OPTIMIZATION_LEVEL = "-Onone";
			};
			name = Debug;
		};
		FD85314B219C634B0060FB2A /* Release */ = {
			isa = XCBuildConfiguration;
			buildSettings = {
				ALWAYS_SEARCH_USER_PATHS = NO;
				CLANG_ANALYZER_NONNULL = YES;
				CLANG_ANALYZER_NUMBER_OBJECT_CONVERSION = YES_AGGRESSIVE;
				CLANG_CXX_LANGUAGE_STANDARD = "gnu++14";
				CLANG_CXX_LIBRARY = "libc++";
				CLANG_ENABLE_MODULES = YES;
				CLANG_ENABLE_OBJC_ARC = YES;
				CLANG_ENABLE_OBJC_WEAK = YES;
				CLANG_WARN_BLOCK_CAPTURE_AUTORELEASING = YES;
				CLANG_WARN_BOOL_CONVERSION = YES;
				CLANG_WARN_COMMA = YES;
				CLANG_WARN_CONSTANT_CONVERSION = YES;
				CLANG_WARN_DEPRECATED_OBJC_IMPLEMENTATIONS = YES;
				CLANG_WARN_DIRECT_OBJC_ISA_USAGE = YES_ERROR;
				CLANG_WARN_DOCUMENTATION_COMMENTS = YES;
				CLANG_WARN_EMPTY_BODY = YES;
				CLANG_WARN_ENUM_CONVERSION = YES;
				CLANG_WARN_INFINITE_RECURSION = YES;
				CLANG_WARN_INT_CONVERSION = YES;
				CLANG_WARN_NON_LITERAL_NULL_CONVERSION = YES;
				CLANG_WARN_OBJC_IMPLICIT_RETAIN_SELF = YES;
				CLANG_WARN_OBJC_LITERAL_CONVERSION = YES;
				CLANG_WARN_OBJC_ROOT_CLASS = YES_ERROR;
				CLANG_WARN_RANGE_LOOP_ANALYSIS = YES;
				CLANG_WARN_STRICT_PROTOTYPES = YES;
				CLANG_WARN_SUSPICIOUS_MOVE = YES;
				CLANG_WARN_UNGUARDED_AVAILABILITY = YES_AGGRESSIVE;
				CLANG_WARN_UNREACHABLE_CODE = YES;
				CLANG_WARN__DUPLICATE_METHOD_MATCH = YES;
				CODE_SIGN_IDENTITY = "iPhone Developer";
				COPY_PHASE_STRIP = NO;
				DEBUG_INFORMATION_FORMAT = "dwarf-with-dsym";
				ENABLE_NS_ASSERTIONS = NO;
				ENABLE_STRICT_OBJC_MSGSEND = YES;
				GCC_C_LANGUAGE_STANDARD = gnu11;
				GCC_NO_COMMON_BLOCKS = YES;
				GCC_WARN_64_TO_32_BIT_CONVERSION = YES;
				GCC_WARN_ABOUT_RETURN_TYPE = YES_ERROR;
				GCC_WARN_UNDECLARED_SELECTOR = YES;
				GCC_WARN_UNINITIALIZED_AUTOS = YES_AGGRESSIVE;
				GCC_WARN_UNUSED_FUNCTION = YES;
				GCC_WARN_UNUSED_VARIABLE = YES;
				IPHONEOS_DEPLOYMENT_TARGET = 11.4;
				MTL_ENABLE_DEBUG_INFO = NO;
				SDKROOT = iphoneos;
				SWIFT_COMPILATION_MODE = wholemodule;
				SWIFT_OPTIMIZATION_LEVEL = "-O";
				VALIDATE_PRODUCT = YES;
			};
			name = Release;
		};
		FD85314D219C634B0060FB2A /* Debug */ = {
			isa = XCBuildConfiguration;
			baseConfigurationReference = B484C613D841E16E4814D8A6 /* Pods-FlexicuV2.debug.xcconfig */;
			buildSettings = {
				ASSETCATALOG_COMPILER_APPICON_NAME = AppIcon;
				CODE_SIGN_STYLE = Automatic;
				DEVELOPMENT_TEAM = 5J98G5BMMV;
				INFOPLIST_FILE = FlexicuV2/Info.plist;
				LD_RUNPATH_SEARCH_PATHS = (
					"$(inherited)",
					"@executable_path/Frameworks",
				);
				ONLY_ACTIVE_ARCH = YES;
				PRODUCT_BUNDLE_IDENTIFIER = Student.FlexicuV2;
				PRODUCT_NAME = "$(TARGET_NAME)";
				SWIFT_VERSION = 4.0;
				TARGETED_DEVICE_FAMILY = "1,2";
			};
			name = Debug;
		};
		FD85314E219C634B0060FB2A /* Release */ = {
			isa = XCBuildConfiguration;
			baseConfigurationReference = 15E48467A24668B377DB3B23 /* Pods-FlexicuV2.release.xcconfig */;
			buildSettings = {
				ASSETCATALOG_COMPILER_APPICON_NAME = AppIcon;
				CODE_SIGN_STYLE = Automatic;
				DEVELOPMENT_TEAM = 5J98G5BMMV;
				INFOPLIST_FILE = FlexicuV2/Info.plist;
				LD_RUNPATH_SEARCH_PATHS = (
					"$(inherited)",
					"@executable_path/Frameworks",
				);
				PRODUCT_BUNDLE_IDENTIFIER = Student.FlexicuV2;
				PRODUCT_NAME = "$(TARGET_NAME)";
				SWIFT_VERSION = 4.0;
				TARGETED_DEVICE_FAMILY = "1,2";
			};
			name = Release;
		};
/* End XCBuildConfiguration section */

/* Begin XCConfigurationList section */
		FD853133219C63480060FB2A /* Build configuration list for PBXProject "FlexicuV2" */ = {
			isa = XCConfigurationList;
			buildConfigurations = (
				FD85314A219C634B0060FB2A /* Debug */,
				FD85314B219C634B0060FB2A /* Release */,
			);
			defaultConfigurationIsVisible = 0;
			defaultConfigurationName = Release;
		};
		FD85314C219C634B0060FB2A /* Build configuration list for PBXNativeTarget "FlexicuV2" */ = {
			isa = XCConfigurationList;
			buildConfigurations = (
				FD85314D219C634B0060FB2A /* Debug */,
				FD85314E219C634B0060FB2A /* Release */,
			);
			defaultConfigurationIsVisible = 0;
			defaultConfigurationName = Release;
		};
/* End XCConfigurationList section */
	};
	rootObject = FD853130219C63480060FB2A /* Project object */;
}
